
Microsoft Visual Studio Solution File, Format Version 12.00
# Visual Studio Version 17
VisualStudioVersion = 17.14.36203.30 d17.14
MinimumVisualStudioVersion = 10.0.40219.1
Project("{FAE04EC0-301F-11D3-BF4B-00C04F79EFBC}") = "SerializationDeserializationList", "SerializationDeserializationList.csproj", "{707C42F6-9FD9-4A6D-803D-92933F01DD55}"
EndProject
Global
	GlobalSection(SolutionConfigurationPlatforms) = preSolution
		Debug|Any CPU = Debug|Any CPU
		Release|Any CPU = Release|Any CPU
	EndGlobalSection
	GlobalSection(ProjectConfigurationPlatforms) = postSolution
		{707C42F6-9FD9-4A6D-803D-92933F01DD55}.Debug|Any CPU.ActiveCfg = Debug|Any CPU
		{707C42F6-9FD9-4A6D-803D-92933F01DD55}.Debug|Any CPU.Build.0 = Debug|Any CPU
		{707C42F6-9FD9-4A6D-803D-92933F01DD55}.Release|Any CPU.ActiveCfg = Release|Any CPU
		{707C42F6-9FD9-4A6D-803D-92933F01DD55}.Release|Any CPU.Build.0 = Release|Any CPU
	EndGlobalSection
	GlobalSection(SolutionProperties) = preSolution
		HideSolutionNode = FALSE
	EndGlobalSection
	GlobalSection(ExtensibilityGlobals) = postSolution
		SolutionGuid = {AD662B24-5263-4969-A701-B7F34C69DA56}
	EndGlobalSection
EndGlobal
